
Microsoft Visual Studio Solution File, Format Version 12.00
# Visual Studio 2012
Project("{FAE04EC0-301F-11D3-BF4B-00C04F79EFBC}") = "Agent.Web.Mvc", "src\Agent.Web.Mvc\Agent.Web.Mvc.csproj", "{5CEAB23A-EDF0-4F45-B74C-AE16047C1ECC}"
EndProject
Project("{FAE04EC0-301F-11D3-BF4B-00C04F79EFBC}") = "Agent.Web.Mvc.Tests", "Src\Agent.Web.Mvc.Tests\Agent.Web.Mvc.Tests.csproj", "{473050EF-B18E-4CA3-9CF7-7450D09BEC49}"
EndProject
Project("{2150E333-8FDC-42A3-9474-1A3956D46DE8}") = ".nuget", ".nuget", "{C5D7DCFC-B82F-4DE9-918B-C4BE1A3B0299}"
	ProjectSection(SolutionItems) = preProject
		.nuget\NuGet.Config = .nuget\NuGet.Config
		.nuget\NuGet.exe = .nuget\NuGet.exe
		.nuget\NuGet.targets = .nuget\NuGet.targets
	EndProjectSection
EndProject
Project("{2150E333-8FDC-42A3-9474-1A3956D46DE8}") = "Solution Items", "Solution Items", "{4A3E9FE1-2E53-4264-BF58-4E781CC03181}"
	ProjectSection(SolutionItems) = preProject
		Gibraltar.Agent.Web.Mvc.DotSettings = Gibraltar.Agent.Web.Mvc.DotSettings
		LICENSE.txt = LICENSE.txt
		README.md = README.md
	EndProjectSection
EndProject
Global
	GlobalSection(SolutionConfigurationPlatforms) = preSolution
		Debug|Any CPU = Debug|Any CPU
		Release|Any CPU = Release|Any CPU
	EndGlobalSection
	GlobalSection(ProjectConfigurationPlatforms) = postSolution
		{5CEAB23A-EDF0-4F45-B74C-AE16047C1ECC}.Debug|Any CPU.ActiveCfg = Debug|Any CPU
		{5CEAB23A-EDF0-4F45-B74C-AE16047C1ECC}.Debug|Any CPU.Build.0 = Debug|Any CPU
		{5CEAB23A-EDF0-4F45-B74C-AE16047C1ECC}.Release|Any CPU.ActiveCfg = Release|Any CPU
		{5CEAB23A-EDF0-4F45-B74C-AE16047C1ECC}.Release|Any CPU.Build.0 = Release|Any CPU
		{473050EF-B18E-4CA3-9CF7-7450D09BEC49}.Debug|Any CPU.ActiveCfg = Debug|Any CPU
		{473050EF-B18E-4CA3-9CF7-7450D09BEC49}.Debug|Any CPU.Build.0 = Debug|Any CPU
		{473050EF-B18E-4CA3-9CF7-7450D09BEC49}.Release|Any CPU.ActiveCfg = Release|Any CPU
		{473050EF-B18E-4CA3-9CF7-7450D09BEC49}.Release|Any CPU.Build.0 = Release|Any CPU
	EndGlobalSection
	GlobalSection(SolutionProperties) = preSolution
		HideSolutionNode = FALSE
	EndGlobalSection
EndGlobal
